// !$*UTF8*$!
{
	archiveVersion = 1;
	classes = {
	};
	objectVersion = 55;
	objects = {

/* Begin PBXBuildFile section */
		EA7A46C228A6BD910069A10D /* WeatherApp_2_App.swift in Sources */ = {isa = PBXBuildFile; fileRef = EA7A46C128A6BD910069A10D /* WeatherApp_2_App.swift */; };
		EA7A46C428A6BD910069A10D /* ContentView.swift in Sources */ = {isa = PBXBuildFile; fileRef = EA7A46C328A6BD910069A10D /* ContentView.swift */; };
		EA7A46C628A6BD960069A10D /* Assets.xcassets in Resources */ = {isa = PBXBuildFile; fileRef = EA7A46C528A6BD960069A10D /* Assets.xcassets */; };
		EA7A46C928A6BD960069A10D /* Preview Assets.xcassets in Resources */ = {isa = PBXBuildFile; fileRef = EA7A46C828A6BD960069A10D /* Preview Assets.xcassets */; };
		EAC6828328AACC2100FDF652 /* Header.swift in Sources */ = {isa = PBXBuildFile; fileRef = EAC6828228AACC2000FDF652 /* Header.swift */; };
		EAC6828628AACE5B00FDF652 /* MainDetailsView.swift in Sources */ = {isa = PBXBuildFile; fileRef = EAC6828528AACE5B00FDF652 /* MainDetailsView.swift */; };
		EAC6828828AACFEE00FDF652 /* Colors.swift in Sources */ = {isa = PBXBuildFile; fileRef = EAC6828728AACFEE00FDF652 /* Colors.swift */; };
		EAC6828E28B1680C00FDF652 /* Constants.swift in Sources */ = {isa = PBXBuildFile; fileRef = EAC6828D28B1680C00FDF652 /* Constants.swift */; };
/* End PBXBuildFile section */

/* Begin PBXFileReference section */
		EA7A46BE28A6BD910069A10D /* WeatherApp(2).app */ = {isa = PBXFileReference; explicitFileType = wrapper.application; includeInIndex = 0; path = "WeatherApp(2).app"; sourceTree = BUILT_PRODUCTS_DIR; };
		EA7A46C128A6BD910069A10D /* WeatherApp_2_App.swift */ = {isa = PBXFileReference; lastKnownFileType = sourcecode.swift; path = WeatherApp_2_App.swift; sourceTree = "<group>"; };
		EA7A46C328A6BD910069A10D /* ContentView.swift */ = {isa = PBXFileReference; lastKnownFileType = sourcecode.swift; path = ContentView.swift; sourceTree = "<group>"; };
		EA7A46C528A6BD960069A10D /* Assets.xcassets */ = {isa = PBXFileReference; lastKnownFileType = folder.assetcatalog; path = Assets.xcassets; sourceTree = "<group>"; };
		EA7A46C828A6BD960069A10D /* Preview Assets.xcassets */ = {isa = PBXFileReference; lastKnownFileType = folder.assetcatalog; path = "Preview Assets.xcassets"; sourceTree = "<group>"; };
		EAC6828228AACC2000FDF652 /* Header.swift */ = {isa = PBXFileReference; lastKnownFileType = sourcecode.swift; path = Header.swift; sourceTree = "<group>"; };
		EAC6828528AACE5B00FDF652 /* MainDetailsView.swift */ = {isa = PBXFileReference; lastKnownFileType = sourcecode.swift; path = MainDetailsView.swift; sourceTree = "<group>"; };
		EAC6828728AACFEE00FDF652 /* Colors.swift */ = {isa = PBXFileReference; lastKnownFileType = sourcecode.swift; path = Colors.swift; sourceTree = "<group>"; };
		EAC6828C28B0196500FDF652 /* WeatherApp-2--Info.plist */ = {isa = PBXFileReference; lastKnownFileType = text.plist; path = "WeatherApp-2--Info.plist"; sourceTree = SOURCE_ROOT; };
		EAC6828D28B1680C00FDF652 /* Constants.swift */ = {isa = PBXFileReference; lastKnownFileType = sourcecode.swift; path = Constants.swift; sourceTree = "<group>"; };
/* End PBXFileReference section */

/* Begin PBXFrameworksBuildPhase section */
		EA7A46BB28A6BD910069A10D /* Frameworks */ = {
			isa = PBXFrameworksBuildPhase;
			buildActionMask = 2147483647;
			files = (
			);
			runOnlyForDeploymentPostprocessing = 0;
		};
/* End PBXFrameworksBuildPhase section */

/* Begin PBXGroup section */
		EA7A46B528A6BD910069A10D = {
			isa = PBXGroup;
			children = (
				EA7A46C028A6BD910069A10D /* WeatherApp(2) */,
				EA7A46BF28A6BD910069A10D /* Products */,
			);
			sourceTree = "<group>";
		};
		EA7A46BF28A6BD910069A10D /* Products */ = {
			isa = PBXGroup;
			children = (
				EA7A46BE28A6BD910069A10D /* WeatherApp(2).app */,
			);
			name = Products;
			sourceTree = "<group>";
		};
		EA7A46C028A6BD910069A10D /* WeatherApp(2) */ = {
			isa = PBXGroup;
			children = (
				EAC6828C28B0196500FDF652 /* WeatherApp-2--Info.plist */,
				EA7A46C128A6BD910069A10D /* WeatherApp_2_App.swift */,
				EAC6828928AACFF900FDF652 /* Helpers */,
				EAC6828428AACC2900FDF652 /* View */,
				EA7A46C528A6BD960069A10D /* Assets.xcassets */,
				EA7A46C728A6BD960069A10D /* Preview Content */,
			);
			path = "WeatherApp(2)";
			sourceTree = "<group>";
		};
		EA7A46C728A6BD960069A10D /* Preview Content */ = {
			isa = PBXGroup;
			children = (
				EA7A46C828A6BD960069A10D /* Preview Assets.xcassets */,
			);
			path = "Preview Content";
			sourceTree = "<group>";
		};
		EAC6828428AACC2900FDF652 /* View */ = {
			isa = PBXGroup;
			children = (
				EA7A46C328A6BD910069A10D /* ContentView.swift */,
				EAC6828228AACC2000FDF652 /* Header.swift */,
				EAC6828528AACE5B00FDF652 /* MainDetailsView.swift */,
			);
			path = View;
			sourceTree = "<group>";
		};
		EAC6828928AACFF900FDF652 /* Helpers */ = {
			isa = PBXGroup;
			children = (
				EAC6828728AACFEE00FDF652 /* Colors.swift */,
				EAC6828D28B1680C00FDF652 /* Constants.swift */,
			);
			path = Helpers;
			sourceTree = "<group>";
		};
/* End PBXGroup section */

/* Begin PBXNativeTarget section */
		EA7A46BD28A6BD910069A10D /* WeatherApp(2) */ = {
			isa = PBXNativeTarget;
			buildConfigurationList = EA7A46CC28A6BD960069A10D /* Build configuration list for PBXNativeTarget "WeatherApp(2)" */;
			buildPhases = (
				EA7A46BA28A6BD910069A10D /* Sources */,
				EA7A46BB28A6BD910069A10D /* Frameworks */,
				EA7A46BC28A6BD910069A10D /* Resources */,
			);
			buildRules = (
			);
			dependencies = (
			);
			name = "WeatherApp(2)";
			productName = "WeatherApp(2)";
			productReference = EA7A46BE28A6BD910069A10D /* WeatherApp(2).app */;
			productType = "com.apple.product-type.application";
		};
/* End PBXNativeTarget section */

/* Begin PBXProject section */
		EA7A46B628A6BD910069A10D /* Project object */ = {
			isa = PBXProject;
			attributes = {
				BuildIndependentTargetsInParallel = 1;
				LastSwiftUpdateCheck = 1330;
				LastUpgradeCheck = 1330;
				TargetAttributes = {
					EA7A46BD28A6BD910069A10D = {
						CreatedOnToolsVersion = 13.3;
					};
				};
			};
			buildConfigurationList = EA7A46B928A6BD910069A10D /* Build configuration list for PBXProject "WeatherApp(2)" */;
			compatibilityVersion = "Xcode 13.0";
			developmentRegion = en;
			hasScannedForEncodings = 0;
			knownRegions = (
				en,
				Base,
			);
			mainGroup = EA7A46B528A6BD910069A10D;
			productRefGroup = EA7A46BF28A6BD910069A10D /* Products */;
			projectDirPath = "";
			projectRoot = "";
			targets = (
				EA7A46BD28A6BD910069A10D /* WeatherApp(2) */,
			);
		};
/* End PBXProject section */

/* Begin PBXResourcesBuildPhase section */
		EA7A46BC28A6BD910069A10D /* Resources */ = {
			isa = PBXResourcesBuildPhase;
			buildActionMask = 2147483647;
			files = (
				EA7A46C928A6BD960069A10D /* Preview Assets.xcassets in Resources */,
				EA7A46C628A6BD960069A10D /* Assets.xcassets in Resources */,
			);
			runOnlyForDeploymentPostprocessing = 0;
		};
/* End PBXResourcesBuildPhase section */

/* Begin PBXSourcesBuildPhase section */
		EA7A46BA28A6BD910069A10D /* Sources */ = {
			isa = PBXSourcesBuildPhase;
			buildActionMask = 2147483647;
			files = (
				EA7A46C428A6BD910069A10D /* ContentView.swift in Sources */,
				EAC6828828AACFEE00FDF652 /* Colors.swift in Sources */,
				EAC6828328AACC2100FDF652 /* Header.swift in Sources */,
				EAC6828628AACE5B00FDF652 /* MainDetailsView.swift in Sources */,
				EAC6828E28B1680C00FDF652 /* Constants.swift in Sources */,
				EA7A46C228A6BD910069A10D /* WeatherApp_2_App.swift in Sources */,
			);
			runOnlyForDeploymentPostprocessing = 0;
		};
/* End PBXSourcesBuildPhase section */

/* Begin XCBuildConfiguration section */
		EA7A46CA28A6BD960069A10D /* Debug */ = {
			isa = XCBuildConfiguration;
			buildSettings = {
				ALWAYS_SEARCH_USER_PATHS = NO;
				CLANG_ANALYZER_NONNULL = YES;
				CLANG_ANALYZER_NUMBER_OBJECT_CONVERSION = YES_AGGRESSIVE;
				CLANG_CXX_LANGUAGE_STANDARD = "gnu++17";
				CLANG_ENABLE_MODULES = YES;
				CLANG_ENABLE_OBJC_ARC = YES;
				CLANG_ENABLE_OBJC_WEAK = YES;
				CLANG_WARN_BLOCK_CAPTURE_AUTORELEASING = YES;
				CLANG_WARN_BOOL_CONVERSION = YES;
				CLANG_WARN_COMMA = YES;
				CLANG_WARN_CONSTANT_CONVERSION = YES;
				CLANG_WARN_DEPRECATED_OBJC_IMPLEMENTATIONS = YES;
				CLANG_WARN_DIRECT_OBJC_ISA_USAGE = YES_ERROR;
				CLANG_WARN_DOCUMENTATION_COMMENTS = YES;
				CLANG_WARN_EMPTY_BODY = YES;
				CLANG_WARN_ENUM_CONVERSION = YES;
				CLANG_WARN_INFINITE_RECURSION = YES;
				CLANG_WARN_INT_CONVERSION = YES;
				CLANG_WARN_NON_LITERAL_NULL_CONVERSION = YES;
				CLANG_WARN_OBJC_IMPLICIT_RETAIN_SELF = YES;
				CLANG_WARN_OBJC_LITERAL_CONVERSION = YES;
				CLANG_WARN_OBJC_ROOT_CLASS = YES_ERROR;
				CLANG_WARN_QUOTED_INCLUDE_IN_FRAMEWORK_HEADER = YES;
				CLANG_WARN_RANGE_LOOP_ANALYSIS = YES;
				CLANG_WARN_STRICT_PROTOTYPES = YES;
				CLANG_WARN_SUSPICIOUS_MOVE = YES;
				CLANG_WARN_UNGUARDED_AVAILABILITY = YES_AGGRESSIVE;
				CLANG_WARN_UNREACHABLE_CODE = YES;
				CLANG_WARN__DUPLICATE_METHOD_MATCH = YES;
				COPY_PHASE_STRIP = NO;
				DEBUG_INFORMATION_FORMAT = dwarf;
				ENABLE_STRICT_OBJC_MSGSEND = YES;
				ENABLE_TESTABILITY = YES;
				GCC_C_LANGUAGE_STANDARD = gnu11;
				GCC_DYNAMIC_NO_PIC = NO;
				GCC_NO_COMMON_BLOCKS = YES;
				GCC_OPTIMIZATION_LEVEL = 0;
				GCC_PREPROCESSOR_DEFINITIONS = (
					"DEBUG=1",
					"$(inherited)",
				);
				GCC_WARN_64_TO_32_BIT_CONVERSION = YES;
				GCC_WARN_ABOUT_RETURN_TYPE = YES_ERROR;
				GCC_WARN_UNDECLARED_SELECTOR = YES;
				GCC_WARN_UNINITIALIZED_AUTOS = YES_AGGRESSIVE;
				GCC_WARN_UNUSED_FUNCTION = YES;
				GCC_WARN_UNUSED_VARIABLE = YES;
				IPHONEOS_DEPLOYMENT_TARGET = 15.4;
				MTL_ENABLE_DEBUG_INFO = INCLUDE_SOURCE;
				MTL_FAST_MATH = YES;
				ONLY_ACTIVE_ARCH = YES;
				SDKROOT = iphoneos;
				SWIFT_ACTIVE_COMPILATION_CONDITIONS = DEBUG;
				SWIFT_OPTIMIZATION_LEVEL = "-Onone";
			};
			name = Debug;
		};
		EA7A46CB28A6BD960069A10D /* Release */ = {
			isa = XCBuildConfiguration;
			buildSettings = {
				ALWAYS_SEARCH_USER_PATHS = NO;
				CLANG_ANALYZER_NONNULL = YES;
				CLANG_ANALYZER_NUMBER_OBJECT_CONVERSION = YES_AGGRESSIVE;
				CLANG_CXX_LANGUAGE_STANDARD = "gnu++17";
				CLANG_ENABLE_MODULES = YES;
				CLANG_ENABLE_OBJC_ARC = YES;
				CLANG_ENABLE_OBJC_WEAK = YES;
				CLANG_WARN_BLOCK_CAPTURE_AUTORELEASING = YES;
				CLANG_WARN_BOOL_CONVERSION = YES;
				CLANG_WARN_COMMA = YES;
				CLANG_WARN_CONSTANT_CONVERSION = YES;
				CLANG_WARN_DEPRECATED_OBJC_IMPLEMENTATIONS = YES;
				CLANG_WARN_DIRECT_OBJC_ISA_USAGE = YES_ERROR;
				CLANG_WARN_DOCUMENTATION_COMMENTS = YES;
				CLANG_WARN_EMPTY_BODY = YES;
				CLANG_WARN_ENUM_CONVERSION = YES;
				CLANG_WARN_INFINITE_RECURSION = YES;
				CLANG_WARN_INT_CONVERSION = YES;
				CLANG_WARN_NON_LITERAL_NULL_CONVERSION = YES;
				CLANG_WARN_OBJC_IMPLICIT_RETAIN_SELF = YES;
				CLANG_WARN_OBJC_LITERAL_CONVERSION = YES;
				CLANG_WARN_OBJC_ROOT_CLASS = YES_ERROR;
				CLANG_WARN_QUOTED_INCLUDE_IN_FRAMEWORK_HEADER = YES;
				CLANG_WARN_RANGE_LOOP_ANALYSIS = YES;
				CLANG_WARN_STRICT_PROTOTYPES = YES;
				CLANG_WARN_SUSPICIOUS_MOVE = YES;
				CLANG_WARN_UNGUARDED_AVAILABILITY = YES_AGGRESSIVE;
				CLANG_WARN_UNREACHABLE_CODE = YES;
				CLANG_WARN__DUPLICATE_METHOD_MATCH = YES;
				COPY_PHASE_STRIP = NO;
				DEBUG_INFORMATION_FORMAT = "dwarf-with-dsym";
				ENABLE_NS_ASSERTIONS = NO;
				ENABLE_STRICT_OBJC_MSGSEND = YES;
				GCC_C_LANGUAGE_STANDARD = gnu11;
				GCC_NO_COMMON_BLOCKS = YES;
				GCC_WARN_64_TO_32_BIT_CONVERSION = YES;
				GCC_WARN_ABOUT_RETURN_TYPE = YES_ERROR;
				GCC_WARN_UNDECLARED_SELECTOR = YES;
				GCC_WARN_UNINITIALIZED_AUTOS = YES_AGGRESSIVE;
				GCC_WARN_UNUSED_FUNCTION = YES;
				GCC_WARN_UNUSED_VARIABLE = YES;
				IPHONEOS_DEPLOYMENT_TARGET = 15.4;
				MTL_ENABLE_DEBUG_INFO = NO;
				MTL_FAST_MATH = YES;
				SDKROOT = iphoneos;
				SWIFT_COMPILATION_MODE = wholemodule;
				SWIFT_OPTIMIZATION_LEVEL = "-O";
				VALIDATE_PRODUCT = YES;
			};
			name = Release;
		};
		EA7A46CD28A6BD960069A10D /* Debug */ = {
			isa = XCBuildConfiguration;
			buildSettings = {
				ASSETCATALOG_COMPILER_APPICON_NAME = AppIcon;
				ASSETCATALOG_COMPILER_GLOBAL_ACCENT_COLOR_NAME = AccentColor;
				CODE_SIGN_STYLE = Automatic;
				CURRENT_PROJECT_VERSION = 1;
				DEVELOPMENT_ASSET_PATHS = "\"WeatherApp(2)/Preview Content\"";
				DEVELOPMENT_TEAM = Y6PAR6MMP9;
				ENABLE_PREVIEWS = YES;
				GENERATE_INFOPLIST_FILE = YES;
				INFOPLIST_FILE = "WeatherApp-2--Info.plist";
				INFOPLIST_KEY_UIApplicationSceneManifest_Generation = YES;
				INFOPLIST_KEY_UIApplicationSupportsIndirectInputEvents = YES;
				INFOPLIST_KEY_UILaunchScreen_Generation = YES;
				INFOPLIST_KEY_UISupportedInterfaceOrientations_iPad = "UIInterfaceOrientationPortrait UIInterfaceOrientationPortraitUpsideDown UIInterfaceOrientationLandscapeLeft UIInterfaceOrientationLandscapeRight";
				INFOPLIST_KEY_UISupportedInterfaceOrientations_iPhone = "UIInterfaceOrientationPortrait UIInterfaceOrientationLandscapeLeft UIInterfaceOrientationLandscapeRight";
				LD_RUNPATH_SEARCH_PATHS = (
					"$(inherited)",
					"@executable_path/Frameworks",
				);
				MARKETING_VERSION = 1.0;
				PRODUCT_BUNDLE_IDENTIFIER = "Abdul-Wahid.WeatherApp-2-";
				PRODUCT_NAME = "$(TARGET_NAME)";
				SWIFT_EMIT_LOC_STRINGS = YES;
				SWIFT_VERSION = 5.0;
				TARGETED_DEVICE_FAMILY = "1,2";
			};
			name = Debug;
		};
		EA7A46CE28A6BD960069A10D /* Release */ = {
			isa = XCBuildConfiguration;
			buildSettings = {
				ASSETCATALOG_COMPILER_APPICON_NAME = AppIcon;
				ASSETCATALOG_COMPILER_GLOBAL_ACCENT_COLOR_NAME = AccentColor;
				CODE_SIGN_STYLE = Automatic;
				CURRENT_PROJECT_VERSION = 1;
				DEVELOPMENT_ASSET_PATHS = "\"WeatherApp(2)/Preview Content\"";
				DEVELOPMENT_TEAM = Y6PAR6MMP9;
				ENABLE_PREVIEWS = YES;
				GENERATE_INFOPLIST_FILE = YES;
				INFOPLIST_FILE = "WeatherApp-2--Info.plist";
				INFOPLIST_KEY_UIApplicationSceneManifest_Generation = YES;
				INFOPLIST_KEY_UIApplicationSupportsIndirectInputEvents = YES;
				INFOPLIST_KEY_UILaunchScreen_Generation = YES;
				INFOPLIST_KEY_UISupportedInterfaceOrientations_iPad = "UIInterfaceOrientationPortrait UIInterfaceOrientationPortraitUpsideDown UIInterfaceOrientationLandscapeLeft UIInterfaceOrientationLandscapeRight";
				INFOPLIST_KEY_UISupportedInterfaceOrientations_iPhone = "UIInterfaceOrientationPortrait UIInterfaceOrientationLandscapeLeft UIInterfaceOrientationLandscapeRight";
				LD_RUNPATH_SEARCH_PATHS = (
					"$(inherited)",
					"@executable_path/Frameworks",
				);
				MARKETING_VERSION = 1.0;
				PRODUCT_BUNDLE_IDENTIFIER = "Abdul-Wahid.WeatherApp-2-";
				PRODUCT_NAME = "$(TARGET_NAME)";
				SWIFT_EMIT_LOC_STRINGS = YES;
				SWIFT_VERSION = 5.0;
				TARGETED_DEVICE_FAMILY = "1,2";
			};
			name = Release;
		};
/* End XCBuildConfiguration section */

/* Begin XCConfigurationList section */
		EA7A46B928A6BD910069A10D /* Build configuration list for PBXProject "WeatherApp(2)" */ = {
			isa = XCConfigurationList;
			buildConfigurations = (
				EA7A46CA28A6BD960069A10D /* Debug */,
				EA7A46CB28A6BD960069A10D /* Release */,
			);
			defaultConfigurationIsVisible = 0;
			defaultConfigurationName = Release;
		};
		EA7A46CC28A6BD960069A10D /* Build configuration list for PBXNativeTarget "WeatherApp(2)" */ = {
			isa = XCConfigurationList;
			buildConfigurations = (
				EA7A46CD28A6BD960069A10D /* Debug */,
				EA7A46CE28A6BD960069A10D /* Release */,
			);
			defaultConfigurationIsVisible = 0;
			defaultConfigurationName = Release;
		};
/* End XCConfigurationList section */
	};
	rootObject = EA7A46B628A6BD910069A10D /* Project object */;
}
