// !$*UTF8*$!
{
	archiveVersion = 1;
	classes = {
	};
	objectVersion = 55;
	objects = {

/* Begin PBXBuildFile section */
		EA0C35BB28B6700A0098ABC9 /* CurrentWeather.swift in Sources */ = {isa = PBXBuildFile; fileRef = EA0C35BA28B6700A0098ABC9 /* CurrentWeather.swift */; };
		EA0C35BD28B774A90098ABC9 /* Forecast.swift in Sources */ = {isa = PBXBuildFile; fileRef = EA0C35BC28B774A90098ABC9 /* Forecast.swift */; };
		EA0C35BF28B775820098ABC9 /* ForecastDay.swift in Sources */ = {isa = PBXBuildFile; fileRef = EA0C35BE28B775820098ABC9 /* ForecastDay.swift */; };
		EA0C35C128B777A30098ABC9 /* Day.swift in Sources */ = {isa = PBXBuildFile; fileRef = EA0C35C028B777A30098ABC9 /* Day.swift */; };
		EA0C35C328B777E60098ABC9 /* Hour.swift in Sources */ = {isa = PBXBuildFile; fileRef = EA0C35C228B777E60098ABC9 /* Hour.swift */; };
		EA0C35C528B778050098ABC9 /* Astro.swift in Sources */ = {isa = PBXBuildFile; fileRef = EA0C35C428B778050098ABC9 /* Astro.swift */; };
		EA0C35C728B7783A0098ABC9 /* WeatherRequest.swift in Sources */ = {isa = PBXBuildFile; fileRef = EA0C35C628B7783A0098ABC9 /* WeatherRequest.swift */; };
		EA0C35C928B778740098ABC9 /* Location.swift in Sources */ = {isa = PBXBuildFile; fileRef = EA0C35C828B778740098ABC9 /* Location.swift */; };
		EA0C35D428B7CADB0098ABC9 /* Condition.swift in Sources */ = {isa = PBXBuildFile; fileRef = EA0C35D328B7CADB0098ABC9 /* Condition.swift */; };
		EA0C35D728B7E1020098ABC9 /* WeatherModel.swift in Sources */ = {isa = PBXBuildFile; fileRef = EA0C35D628B7E1020098ABC9 /* WeatherModel.swift */; };
		EA0C35DB28B7E2630098ABC9 /* Api Service.swift in Sources */ = {isa = PBXBuildFile; fileRef = EA0C35DA28B7E2620098ABC9 /* Api Service.swift */; };
		EA0C35DF28B925370098ABC9 /* HeaderPreview.swift in Sources */ = {isa = PBXBuildFile; fileRef = EA0C35DE28B925370098ABC9 /* HeaderPreview.swift */; };
		EA0C35E128B949D30098ABC9 /* MainDetailPreview.swift in Sources */ = {isa = PBXBuildFile; fileRef = EA0C35E028B949D30098ABC9 /* MainDetailPreview.swift */; };
		EA12370E28B406E5003C3C99 /* TimeListView .swift in Sources */ = {isa = PBXBuildFile; fileRef = EA12370D28B406E5003C3C99 /* TimeListView .swift */; };
		EA12371028B409CA003C3C99 /* CustomDivider.swift in Sources */ = {isa = PBXBuildFile; fileRef = EA12370F28B409CA003C3C99 /* CustomDivider.swift */; };
		EA12371228B4EED8003C3C99 /* WeekListView.swift in Sources */ = {isa = PBXBuildFile; fileRef = EA12371128B4EED8003C3C99 /* WeekListView.swift */; };
		EA12371428B4EF67003C3C99 /* WeekListRow.swift in Sources */ = {isa = PBXBuildFile; fileRef = EA12371328B4EF67003C3C99 /* WeekListRow.swift */; };
		EA12371628B52FA7003C3C99 /* ExtraDetailsView.swift in Sources */ = {isa = PBXBuildFile; fileRef = EA12371528B52FA7003C3C99 /* ExtraDetailsView.swift */; };
		EA7A46C228A6BD910069A10D /* WeatherApp_2_App.swift in Sources */ = {isa = PBXBuildFile; fileRef = EA7A46C128A6BD910069A10D /* WeatherApp_2_App.swift */; };
		EA7A46C428A6BD910069A10D /* ContentView.swift in Sources */ = {isa = PBXBuildFile; fileRef = EA7A46C328A6BD910069A10D /* ContentView.swift */; };
		EA7A46C628A6BD960069A10D /* Assets.xcassets in Resources */ = {isa = PBXBuildFile; fileRef = EA7A46C528A6BD960069A10D /* Assets.xcassets */; };
		EA7A46C928A6BD960069A10D /* Preview Assets.xcassets in Resources */ = {isa = PBXBuildFile; fileRef = EA7A46C828A6BD960069A10D /* Preview Assets.xcassets */; };
		EAC6828328AACC2100FDF652 /* Header.swift in Sources */ = {isa = PBXBuildFile; fileRef = EAC6828228AACC2000FDF652 /* Header.swift */; };
		EAC6828628AACE5B00FDF652 /* MainDetailsView.swift in Sources */ = {isa = PBXBuildFile; fileRef = EAC6828528AACE5B00FDF652 /* MainDetailsView.swift */; };
		EAC6828828AACFEE00FDF652 /* Colors.swift in Sources */ = {isa = PBXBuildFile; fileRef = EAC6828728AACFEE00FDF652 /* Colors.swift */; };
		EAC6828E28B1680C00FDF652 /* Constants.swift in Sources */ = {isa = PBXBuildFile; fileRef = EAC6828D28B1680C00FDF652 /* Constants.swift */; };
		EAE583FC28BD399100D077DA /* HourListPreview.swift in Sources */ = {isa = PBXBuildFile; fileRef = EAE583FB28BD399100D077DA /* HourListPreview.swift */; };
		EAE583FE28BD3F3400D077DA /* WeekListRowPreview.swift in Sources */ = {isa = PBXBuildFile; fileRef = EAE583FD28BD3F3400D077DA /* WeekListRowPreview.swift */; };
		EAE5840028BD425000D077DA /* ExtraDetailsPreview.swift in Sources */ = {isa = PBXBuildFile; fileRef = EAE583FF28BD425000D077DA /* ExtraDetailsPreview.swift */; };
		EAE5840428BE68D700D077DA /* CitiesMainView.swift in Sources */ = {isa = PBXBuildFile; fileRef = EAE5840328BE68D700D077DA /* CitiesMainView.swift */; };
		EAE5840628BE6A9700D077DA /* AddCityHeader.swift in Sources */ = {isa = PBXBuildFile; fileRef = EAE5840528BE6A9700D077DA /* AddCityHeader.swift */; };
		EAE5840A28C3D6BE00D077DA /* CitiesGridView.swift in Sources */ = {isa = PBXBuildFile; fileRef = EAE5840928C3D6BE00D077DA /* CitiesGridView.swift */; };
		EAE5840C28C3D6FE00D077DA /* CityGridCell.swift in Sources */ = {isa = PBXBuildFile; fileRef = EAE5840B28C3D6FE00D077DA /* CityGridCell.swift */; };
		EAE5841028C4C69000D077DA /* CityGridCellPreview.swift in Sources */ = {isa = PBXBuildFile; fileRef = EAE5840F28C4C69000D077DA /* CityGridCellPreview.swift */; };
		EAE5841228C60EC700D077DA /* AddACityView.swift in Sources */ = {isa = PBXBuildFile; fileRef = EAE5841128C60EC700D077DA /* AddACityView.swift */; };
/* End PBXBuildFile section */

/* Begin PBXFileReference section */
		EA0C35BA28B6700A0098ABC9 /* CurrentWeather.swift */ = {isa = PBXFileReference; lastKnownFileType = sourcecode.swift; path = CurrentWeather.swift; sourceTree = "<group>"; };
		EA0C35BC28B774A90098ABC9 /* Forecast.swift */ = {isa = PBXFileReference; lastKnownFileType = sourcecode.swift; path = Forecast.swift; sourceTree = "<group>"; };
		EA0C35BE28B775820098ABC9 /* ForecastDay.swift */ = {isa = PBXFileReference; lastKnownFileType = sourcecode.swift; path = ForecastDay.swift; sourceTree = "<group>"; };
		EA0C35C028B777A30098ABC9 /* Day.swift */ = {isa = PBXFileReference; lastKnownFileType = sourcecode.swift; path = Day.swift; sourceTree = "<group>"; };
		EA0C35C228B777E60098ABC9 /* Hour.swift */ = {isa = PBXFileReference; lastKnownFileType = sourcecode.swift; path = Hour.swift; sourceTree = "<group>"; };
		EA0C35C428B778050098ABC9 /* Astro.swift */ = {isa = PBXFileReference; lastKnownFileType = sourcecode.swift; path = Astro.swift; sourceTree = "<group>"; };
		EA0C35C628B7783A0098ABC9 /* WeatherRequest.swift */ = {isa = PBXFileReference; lastKnownFileType = sourcecode.swift; path = WeatherRequest.swift; sourceTree = "<group>"; };
		EA0C35C828B778740098ABC9 /* Location.swift */ = {isa = PBXFileReference; lastKnownFileType = sourcecode.swift; path = Location.swift; sourceTree = "<group>"; };
		EA0C35D328B7CADB0098ABC9 /* Condition.swift */ = {isa = PBXFileReference; lastKnownFileType = sourcecode.swift; path = Condition.swift; sourceTree = "<group>"; };
		EA0C35D628B7E1020098ABC9 /* WeatherModel.swift */ = {isa = PBXFileReference; lastKnownFileType = sourcecode.swift; path = WeatherModel.swift; sourceTree = "<group>"; };
		EA0C35DA28B7E2620098ABC9 /* Api Service.swift */ = {isa = PBXFileReference; lastKnownFileType = sourcecode.swift; path = "Api Service.swift"; sourceTree = "<group>"; };
		EA0C35DE28B925370098ABC9 /* HeaderPreview.swift */ = {isa = PBXFileReference; lastKnownFileType = sourcecode.swift; path = HeaderPreview.swift; sourceTree = "<group>"; };
		EA0C35E028B949D30098ABC9 /* MainDetailPreview.swift */ = {isa = PBXFileReference; lastKnownFileType = sourcecode.swift; path = MainDetailPreview.swift; sourceTree = "<group>"; };
		EA12370D28B406E5003C3C99 /* TimeListView .swift */ = {isa = PBXFileReference; lastKnownFileType = sourcecode.swift; path = "TimeListView .swift"; sourceTree = "<group>"; };
		EA12370F28B409CA003C3C99 /* CustomDivider.swift */ = {isa = PBXFileReference; lastKnownFileType = sourcecode.swift; path = CustomDivider.swift; sourceTree = "<group>"; };
		EA12371128B4EED8003C3C99 /* WeekListView.swift */ = {isa = PBXFileReference; lastKnownFileType = sourcecode.swift; path = WeekListView.swift; sourceTree = "<group>"; };
		EA12371328B4EF67003C3C99 /* WeekListRow.swift */ = {isa = PBXFileReference; lastKnownFileType = sourcecode.swift; path = WeekListRow.swift; sourceTree = "<group>"; };
		EA12371528B52FA7003C3C99 /* ExtraDetailsView.swift */ = {isa = PBXFileReference; lastKnownFileType = sourcecode.swift; path = ExtraDetailsView.swift; sourceTree = "<group>"; };
		EA7A46BE28A6BD910069A10D /* WeatherApp(2).app */ = {isa = PBXFileReference; explicitFileType = wrapper.application; includeInIndex = 0; path = "WeatherApp(2).app"; sourceTree = BUILT_PRODUCTS_DIR; };
		EA7A46C128A6BD910069A10D /* WeatherApp_2_App.swift */ = {isa = PBXFileReference; lastKnownFileType = sourcecode.swift; path = WeatherApp_2_App.swift; sourceTree = "<group>"; };
		EA7A46C328A6BD910069A10D /* ContentView.swift */ = {isa = PBXFileReference; lastKnownFileType = sourcecode.swift; path = ContentView.swift; sourceTree = "<group>"; };
		EA7A46C528A6BD960069A10D /* Assets.xcassets */ = {isa = PBXFileReference; lastKnownFileType = folder.assetcatalog; path = Assets.xcassets; sourceTree = "<group>"; };
		EA7A46C828A6BD960069A10D /* Preview Assets.xcassets */ = {isa = PBXFileReference; lastKnownFileType = folder.assetcatalog; path = "Preview Assets.xcassets"; sourceTree = "<group>"; };
		EAC6828228AACC2000FDF652 /* Header.swift */ = {isa = PBXFileReference; lastKnownFileType = sourcecode.swift; path = Header.swift; sourceTree = "<group>"; };
		EAC6828528AACE5B00FDF652 /* MainDetailsView.swift */ = {isa = PBXFileReference; lastKnownFileType = sourcecode.swift; path = MainDetailsView.swift; sourceTree = "<group>"; };
		EAC6828728AACFEE00FDF652 /* Colors.swift */ = {isa = PBXFileReference; lastKnownFileType = sourcecode.swift; path = Colors.swift; sourceTree = "<group>"; };
		EAC6828C28B0196500FDF652 /* WeatherApp-2--Info.plist */ = {isa = PBXFileReference; lastKnownFileType = text.plist; path = "WeatherApp-2--Info.plist"; sourceTree = SOURCE_ROOT; };
		EAC6828D28B1680C00FDF652 /* Constants.swift */ = {isa = PBXFileReference; lastKnownFileType = sourcecode.swift; path = Constants.swift; sourceTree = "<group>"; };
		EAE583FB28BD399100D077DA /* HourListPreview.swift */ = {isa = PBXFileReference; lastKnownFileType = sourcecode.swift; path = HourListPreview.swift; sourceTree = "<group>"; };
		EAE583FD28BD3F3400D077DA /* WeekListRowPreview.swift */ = {isa = PBXFileReference; lastKnownFileType = sourcecode.swift; path = WeekListRowPreview.swift; sourceTree = "<group>"; };
		EAE583FF28BD425000D077DA /* ExtraDetailsPreview.swift */ = {isa = PBXFileReference; lastKnownFileType = sourcecode.swift; path = ExtraDetailsPreview.swift; sourceTree = "<group>"; };
		EAE5840328BE68D700D077DA /* CitiesMainView.swift */ = {isa = PBXFileReference; lastKnownFileType = sourcecode.swift; path = CitiesMainView.swift; sourceTree = "<group>"; };
		EAE5840528BE6A9700D077DA /* AddCityHeader.swift */ = {isa = PBXFileReference; lastKnownFileType = sourcecode.swift; path = AddCityHeader.swift; sourceTree = "<group>"; };
		EAE5840928C3D6BE00D077DA /* CitiesGridView.swift */ = {isa = PBXFileReference; lastKnownFileType = sourcecode.swift; path = CitiesGridView.swift; sourceTree = "<group>"; };
		EAE5840B28C3D6FE00D077DA /* CityGridCell.swift */ = {isa = PBXFileReference; lastKnownFileType = sourcecode.swift; path = CityGridCell.swift; sourceTree = "<group>"; };
		EAE5840F28C4C69000D077DA /* CityGridCellPreview.swift */ = {isa = PBXFileReference; lastKnownFileType = sourcecode.swift; path = CityGridCellPreview.swift; sourceTree = "<group>"; };
		EAE5841128C60EC700D077DA /* AddACityView.swift */ = {isa = PBXFileReference; lastKnownFileType = sourcecode.swift; path = AddACityView.swift; sourceTree = "<group>"; };
/* End PBXFileReference section */

/* Begin PBXFrameworksBuildPhase section */
		EA7A46BB28A6BD910069A10D /* Frameworks */ = {
			isa = PBXFrameworksBuildPhase;
			buildActionMask = 2147483647;
			files = (
			);
			runOnlyForDeploymentPostprocessing = 0;
		};
/* End PBXFrameworksBuildPhase section */

/* Begin PBXGroup section */
		EA0C35B928B6667A0098ABC9 /* Models */ = {
			isa = PBXGroup;
			children = (
				EA0C35C628B7783A0098ABC9 /* WeatherRequest.swift */,
				EA0C35C828B778740098ABC9 /* Location.swift */,
				EA0C35BA28B6700A0098ABC9 /* CurrentWeather.swift */,
				EA0C35BC28B774A90098ABC9 /* Forecast.swift */,
				EA0C35C428B778050098ABC9 /* Astro.swift */,
				EA0C35BE28B775820098ABC9 /* ForecastDay.swift */,
				EA0C35C028B777A30098ABC9 /* Day.swift */,
				EA0C35C228B777E60098ABC9 /* Hour.swift */,
				EA0C35D328B7CADB0098ABC9 /* Condition.swift */,
			);
			path = Models;
			sourceTree = "<group>";
		};
		EA0C35D528B7E0CA0098ABC9 /* Extensions */ = {
			isa = PBXGroup;
			children = (
				EAC6828728AACFEE00FDF652 /* Colors.swift */,
			);
			path = Extensions;
			sourceTree = "<group>";
		};
		EA0C35D828B7E10B0098ABC9 /* View Models */ = {
			isa = PBXGroup;
			children = (
				EA0C35D628B7E1020098ABC9 /* WeatherModel.swift */,
				EAE5840D28C4C64F00D077DA /* Main Views Previewa */,
				EAE5840E28C4C66300D077DA /* City List View Previews */,
			);
			path = "View Models";
			sourceTree = "<group>";
		};
		EA0C35D928B7E24F0098ABC9 /* Services */ = {
			isa = PBXGroup;
			children = (
				EA0C35DA28B7E2620098ABC9 /* Api Service.swift */,
			);
			path = Services;
			sourceTree = "<group>";
		};
		EA7A46B528A6BD910069A10D = {
			isa = PBXGroup;
			children = (
				EA7A46C028A6BD910069A10D /* WeatherApp(2) */,
				EA7A46BF28A6BD910069A10D /* Products */,
			);
			sourceTree = "<group>";
		};
		EA7A46BF28A6BD910069A10D /* Products */ = {
			isa = PBXGroup;
			children = (
				EA7A46BE28A6BD910069A10D /* WeatherApp(2).app */,
			);
			name = Products;
			sourceTree = "<group>";
		};
		EA7A46C028A6BD910069A10D /* WeatherApp(2) */ = {
			isa = PBXGroup;
			children = (
				EAC6828C28B0196500FDF652 /* WeatherApp-2--Info.plist */,
				EA7A46C128A6BD910069A10D /* WeatherApp_2_App.swift */,
				EA0C35D528B7E0CA0098ABC9 /* Extensions */,
				EAC6828928AACFF900FDF652 /* Helpers */,
				EA0C35D928B7E24F0098ABC9 /* Services */,
				EA0C35B928B6667A0098ABC9 /* Models */,
				EA0C35D828B7E10B0098ABC9 /* View Models */,
				EAC6828428AACC2900FDF652 /* View */,
				EA7A46C528A6BD960069A10D /* Assets.xcassets */,
				EA7A46C728A6BD960069A10D /* Preview Content */,
			);
			path = "WeatherApp(2)";
			sourceTree = "<group>";
		};
		EA7A46C728A6BD960069A10D /* Preview Content */ = {
			isa = PBXGroup;
			children = (
				EA7A46C828A6BD960069A10D /* Preview Assets.xcassets */,
			);
			path = "Preview Content";
			sourceTree = "<group>";
		};
		EAC6828428AACC2900FDF652 /* View */ = {
			isa = PBXGroup;
			children = (
				EAE5840128BE68A800D077DA /* Main Views */,
				EAE5840228BE68B600D077DA /* City List Views */,
			);
			path = View;
			sourceTree = "<group>";
		};
		EAC6828928AACFF900FDF652 /* Helpers */ = {
			isa = PBXGroup;
			children = (
				EAC6828D28B1680C00FDF652 /* Constants.swift */,
			);
			path = Helpers;
			sourceTree = "<group>";
		};
		EAE5840128BE68A800D077DA /* Main Views */ = {
			isa = PBXGroup;
			children = (
				EA7A46C328A6BD910069A10D /* ContentView.swift */,
				EAC6828228AACC2000FDF652 /* Header.swift */,
				EAC6828528AACE5B00FDF652 /* MainDetailsView.swift */,
				EA12370D28B406E5003C3C99 /* TimeListView .swift */,
				EA12370F28B409CA003C3C99 /* CustomDivider.swift */,
				EA12371128B4EED8003C3C99 /* WeekListView.swift */,
				EA12371328B4EF67003C3C99 /* WeekListRow.swift */,
				EA12371528B52FA7003C3C99 /* ExtraDetailsView.swift */,
			);
			path = "Main Views";
			sourceTree = "<group>";
		};
		EAE5840228BE68B600D077DA /* City List Views */ = {
			isa = PBXGroup;
			children = (
				EAE5840328BE68D700D077DA /* CitiesMainView.swift */,
				EAE5840528BE6A9700D077DA /* AddCityHeader.swift */,
				EAE5840928C3D6BE00D077DA /* CitiesGridView.swift */,
				EAE5840B28C3D6FE00D077DA /* CityGridCell.swift */,
				EAE5841128C60EC700D077DA /* AddACityView.swift */,
			);
			path = "City List Views";
			sourceTree = "<group>";
		};
		EAE5840D28C4C64F00D077DA /* Main Views Previewa */ = {
			isa = PBXGroup;
			children = (
				EA0C35DE28B925370098ABC9 /* HeaderPreview.swift */,
				EAE583FD28BD3F3400D077DA /* WeekListRowPreview.swift */,
				EA0C35E028B949D30098ABC9 /* MainDetailPreview.swift */,
				EAE583FB28BD399100D077DA /* HourListPreview.swift */,
				EAE583FF28BD425000D077DA /* ExtraDetailsPreview.swift */,
			);
			path = "Main Views Previewa";
			sourceTree = "<group>";
		};
		EAE5840E28C4C66300D077DA /* City List View Previews */ = {
			isa = PBXGroup;
			children = (
				EAE5840F28C4C69000D077DA /* CityGridCellPreview.swift */,
			);
			path = "City List View Previews";
			sourceTree = "<group>";
		};
/* End PBXGroup section */

/* Begin PBXNativeTarget section */
		EA7A46BD28A6BD910069A10D /* WeatherApp(2) */ = {
			isa = PBXNativeTarget;
			buildConfigurationList = EA7A46CC28A6BD960069A10D /* Build configuration list for PBXNativeTarget "WeatherApp(2)" */;
			buildPhases = (
				EA7A46BA28A6BD910069A10D /* Sources */,
				EA7A46BB28A6BD910069A10D /* Frameworks */,
				EA7A46BC28A6BD910069A10D /* Resources */,
			);
			buildRules = (
			);
			dependencies = (
			);
			name = "WeatherApp(2)";
			productName = "WeatherApp(2)";
			productReference = EA7A46BE28A6BD910069A10D /* WeatherApp(2).app */;
			productType = "com.apple.product-type.application";
		};
/* End PBXNativeTarget section */

/* Begin PBXProject section */
		EA7A46B628A6BD910069A10D /* Project object */ = {
			isa = PBXProject;
			attributes = {
				BuildIndependentTargetsInParallel = 1;
				LastSwiftUpdateCheck = 1330;
				LastUpgradeCheck = 1330;
				TargetAttributes = {
					EA7A46BD28A6BD910069A10D = {
						CreatedOnToolsVersion = 13.3;
					};
				};
			};
			buildConfigurationList = EA7A46B928A6BD910069A10D /* Build configuration list for PBXProject "WeatherApp(2)" */;
			compatibilityVersion = "Xcode 13.0";
			developmentRegion = en;
			hasScannedForEncodings = 0;
			knownRegions = (
				en,
				Base,
			);
			mainGroup = EA7A46B528A6BD910069A10D;
			productRefGroup = EA7A46BF28A6BD910069A10D /* Products */;
			projectDirPath = "";
			projectRoot = "";
			targets = (
				EA7A46BD28A6BD910069A10D /* WeatherApp(2) */,
			);
		};
/* End PBXProject section */

/* Begin PBXResourcesBuildPhase section */
		EA7A46BC28A6BD910069A10D /* Resources */ = {
			isa = PBXResourcesBuildPhase;
			buildActionMask = 2147483647;
			files = (
				EA7A46C928A6BD960069A10D /* Preview Assets.xcassets in Resources */,
				EA7A46C628A6BD960069A10D /* Assets.xcassets in Resources */,
			);
			runOnlyForDeploymentPostprocessing = 0;
		};
/* End PBXResourcesBuildPhase section */

/* Begin PBXSourcesBuildPhase section */
		EA7A46BA28A6BD910069A10D /* Sources */ = {
			isa = PBXSourcesBuildPhase;
			buildActionMask = 2147483647;
			files = (
				EAE583FE28BD3F3400D077DA /* WeekListRowPreview.swift in Sources */,
				EA12371628B52FA7003C3C99 /* ExtraDetailsView.swift in Sources */,
				EAE5840028BD425000D077DA /* ExtraDetailsPreview.swift in Sources */,
				EA12371428B4EF67003C3C99 /* WeekListRow.swift in Sources */,
				EA12370E28B406E5003C3C99 /* TimeListView .swift in Sources */,
				EA0C35C328B777E60098ABC9 /* Hour.swift in Sources */,
				EAE5840628BE6A9700D077DA /* AddCityHeader.swift in Sources */,
				EA0C35DF28B925370098ABC9 /* HeaderPreview.swift in Sources */,
				EA7A46C428A6BD910069A10D /* ContentView.swift in Sources */,
				EA0C35DB28B7E2630098ABC9 /* Api Service.swift in Sources */,
				EA0C35C728B7783A0098ABC9 /* WeatherRequest.swift in Sources */,
				EA12371228B4EED8003C3C99 /* WeekListView.swift in Sources */,
				EA0C35C528B778050098ABC9 /* Astro.swift in Sources */,
				EAE583FC28BD399100D077DA /* HourListPreview.swift in Sources */,
				EAC6828828AACFEE00FDF652 /* Colors.swift in Sources */,
				EA0C35D428B7CADB0098ABC9 /* Condition.swift in Sources */,
				EA0C35D728B7E1020098ABC9 /* WeatherModel.swift in Sources */,
				EAE5840428BE68D700D077DA /* CitiesMainView.swift in Sources */,
				EAC6828328AACC2100FDF652 /* Header.swift in Sources */,
				EA0C35BF28B775820098ABC9 /* ForecastDay.swift in Sources */,
				EA0C35C128B777A30098ABC9 /* Day.swift in Sources */,
				EAE5841028C4C69000D077DA /* CityGridCellPreview.swift in Sources */,
				EAE5841228C60EC700D077DA /* AddACityView.swift in Sources */,
				EA0C35BD28B774A90098ABC9 /* Forecast.swift in Sources */,
				EAC6828628AACE5B00FDF652 /* MainDetailsView.swift in Sources */,
				EA0C35C928B778740098ABC9 /* Location.swift in Sources */,
				EAC6828E28B1680C00FDF652 /* Constants.swift in Sources */,
				EA0C35E128B949D30098ABC9 /* MainDetailPreview.swift in Sources */,
				EA12371028B409CA003C3C99 /* CustomDivider.swift in Sources */,
				EAE5840A28C3D6BE00D077DA /* CitiesGridView.swift in Sources */,
				EA0C35BB28B6700A0098ABC9 /* CurrentWeather.swift in Sources */,
				EAE5840C28C3D6FE00D077DA /* CityGridCell.swift in Sources */,
				EA7A46C228A6BD910069A10D /* WeatherApp_2_App.swift in Sources */,
			);
			runOnlyForDeploymentPostprocessing = 0;
		};
/* End PBXSourcesBuildPhase section */

/* Begin XCBuildConfiguration section */
		EA7A46CA28A6BD960069A10D /* Debug */ = {
			isa = XCBuildConfiguration;
			buildSettings = {
				ALWAYS_SEARCH_USER_PATHS = NO;
				CLANG_ANALYZER_NONNULL = YES;
				CLANG_ANALYZER_NUMBER_OBJECT_CONVERSION = YES_AGGRESSIVE;
				CLANG_CXX_LANGUAGE_STANDARD = "gnu++17";
				CLANG_ENABLE_MODULES = YES;
				CLANG_ENABLE_OBJC_ARC = YES;
				CLANG_ENABLE_OBJC_WEAK = YES;
				CLANG_WARN_BLOCK_CAPTURE_AUTORELEASING = YES;
				CLANG_WARN_BOOL_CONVERSION = YES;
				CLANG_WARN_COMMA = YES;
				CLANG_WARN_CONSTANT_CONVERSION = YES;
				CLANG_WARN_DEPRECATED_OBJC_IMPLEMENTATIONS = YES;
				CLANG_WARN_DIRECT_OBJC_ISA_USAGE = YES_ERROR;
				CLANG_WARN_DOCUMENTATION_COMMENTS = YES;
				CLANG_WARN_EMPTY_BODY = YES;
				CLANG_WARN_ENUM_CONVERSION = YES;
				CLANG_WARN_INFINITE_RECURSION = YES;
				CLANG_WARN_INT_CONVERSION = YES;
				CLANG_WARN_NON_LITERAL_NULL_CONVERSION = YES;
				CLANG_WARN_OBJC_IMPLICIT_RETAIN_SELF = YES;
				CLANG_WARN_OBJC_LITERAL_CONVERSION = YES;
				CLANG_WARN_OBJC_ROOT_CLASS = YES_ERROR;
				CLANG_WARN_QUOTED_INCLUDE_IN_FRAMEWORK_HEADER = YES;
				CLANG_WARN_RANGE_LOOP_ANALYSIS = YES;
				CLANG_WARN_STRICT_PROTOTYPES = YES;
				CLANG_WARN_SUSPICIOUS_MOVE = YES;
				CLANG_WARN_UNGUARDED_AVAILABILITY = YES_AGGRESSIVE;
				CLANG_WARN_UNREACHABLE_CODE = YES;
				CLANG_WARN__DUPLICATE_METHOD_MATCH = YES;
				COPY_PHASE_STRIP = NO;
				DEBUG_INFORMATION_FORMAT = dwarf;
				ENABLE_STRICT_OBJC_MSGSEND = YES;
				ENABLE_TESTABILITY = YES;
				GCC_C_LANGUAGE_STANDARD = gnu11;
				GCC_DYNAMIC_NO_PIC = NO;
				GCC_NO_COMMON_BLOCKS = YES;
				GCC_OPTIMIZATION_LEVEL = 0;
				GCC_PREPROCESSOR_DEFINITIONS = (
					"DEBUG=1",
					"$(inherited)",
				);
				GCC_WARN_64_TO_32_BIT_CONVERSION = YES;
				GCC_WARN_ABOUT_RETURN_TYPE = YES_ERROR;
				GCC_WARN_UNDECLARED_SELECTOR = YES;
				GCC_WARN_UNINITIALIZED_AUTOS = YES_AGGRESSIVE;
				GCC_WARN_UNUSED_FUNCTION = YES;
				GCC_WARN_UNUSED_VARIABLE = YES;
				IPHONEOS_DEPLOYMENT_TARGET = 15.4;
				MTL_ENABLE_DEBUG_INFO = INCLUDE_SOURCE;
				MTL_FAST_MATH = YES;
				ONLY_ACTIVE_ARCH = YES;
				SDKROOT = iphoneos;
				SWIFT_ACTIVE_COMPILATION_CONDITIONS = DEBUG;
				SWIFT_OPTIMIZATION_LEVEL = "-Onone";
			};
			name = Debug;
		};
		EA7A46CB28A6BD960069A10D /* Release */ = {
			isa = XCBuildConfiguration;
			buildSettings = {
				ALWAYS_SEARCH_USER_PATHS = NO;
				CLANG_ANALYZER_NONNULL = YES;
				CLANG_ANALYZER_NUMBER_OBJECT_CONVERSION = YES_AGGRESSIVE;
				CLANG_CXX_LANGUAGE_STANDARD = "gnu++17";
				CLANG_ENABLE_MODULES = YES;
				CLANG_ENABLE_OBJC_ARC = YES;
				CLANG_ENABLE_OBJC_WEAK = YES;
				CLANG_WARN_BLOCK_CAPTURE_AUTORELEASING = YES;
				CLANG_WARN_BOOL_CONVERSION = YES;
				CLANG_WARN_COMMA = YES;
				CLANG_WARN_CONSTANT_CONVERSION = YES;
				CLANG_WARN_DEPRECATED_OBJC_IMPLEMENTATIONS = YES;
				CLANG_WARN_DIRECT_OBJC_ISA_USAGE = YES_ERROR;
				CLANG_WARN_DOCUMENTATION_COMMENTS = YES;
				CLANG_WARN_EMPTY_BODY = YES;
				CLANG_WARN_ENUM_CONVERSION = YES;
				CLANG_WARN_INFINITE_RECURSION = YES;
				CLANG_WARN_INT_CONVERSION = YES;
				CLANG_WARN_NON_LITERAL_NULL_CONVERSION = YES;
				CLANG_WARN_OBJC_IMPLICIT_RETAIN_SELF = YES;
				CLANG_WARN_OBJC_LITERAL_CONVERSION = YES;
				CLANG_WARN_OBJC_ROOT_CLASS = YES_ERROR;
				CLANG_WARN_QUOTED_INCLUDE_IN_FRAMEWORK_HEADER = YES;
				CLANG_WARN_RANGE_LOOP_ANALYSIS = YES;
				CLANG_WARN_STRICT_PROTOTYPES = YES;
				CLANG_WARN_SUSPICIOUS_MOVE = YES;
				CLANG_WARN_UNGUARDED_AVAILABILITY = YES_AGGRESSIVE;
				CLANG_WARN_UNREACHABLE_CODE = YES;
				CLANG_WARN__DUPLICATE_METHOD_MATCH = YES;
				COPY_PHASE_STRIP = NO;
				DEBUG_INFORMATION_FORMAT = "dwarf-with-dsym";
				ENABLE_NS_ASSERTIONS = NO;
				ENABLE_STRICT_OBJC_MSGSEND = YES;
				GCC_C_LANGUAGE_STANDARD = gnu11;
				GCC_NO_COMMON_BLOCKS = YES;
				GCC_WARN_64_TO_32_BIT_CONVERSION = YES;
				GCC_WARN_ABOUT_RETURN_TYPE = YES_ERROR;
				GCC_WARN_UNDECLARED_SELECTOR = YES;
				GCC_WARN_UNINITIALIZED_AUTOS = YES_AGGRESSIVE;
				GCC_WARN_UNUSED_FUNCTION = YES;
				GCC_WARN_UNUSED_VARIABLE = YES;
				IPHONEOS_DEPLOYMENT_TARGET = 15.4;
				MTL_ENABLE_DEBUG_INFO = NO;
				MTL_FAST_MATH = YES;
				SDKROOT = iphoneos;
				SWIFT_COMPILATION_MODE = wholemodule;
				SWIFT_OPTIMIZATION_LEVEL = "-O";
				VALIDATE_PRODUCT = YES;
			};
			name = Release;
		};
		EA7A46CD28A6BD960069A10D /* Debug */ = {
			isa = XCBuildConfiguration;
			buildSettings = {
				ASSETCATALOG_COMPILER_APPICON_NAME = AppIcon;
				ASSETCATALOG_COMPILER_GLOBAL_ACCENT_COLOR_NAME = AccentColor;
				CODE_SIGN_STYLE = Automatic;
				CURRENT_PROJECT_VERSION = 1;
				DEVELOPMENT_ASSET_PATHS = "\"WeatherApp(2)/Preview Content\"";
				DEVELOPMENT_TEAM = Y6PAR6MMP9;
				ENABLE_PREVIEWS = YES;
				GENERATE_INFOPLIST_FILE = YES;
				INFOPLIST_FILE = "WeatherApp-2--Info.plist";
				INFOPLIST_KEY_UIApplicationSceneManifest_Generation = YES;
				INFOPLIST_KEY_UIApplicationSupportsIndirectInputEvents = YES;
				INFOPLIST_KEY_UILaunchScreen_Generation = YES;
				INFOPLIST_KEY_UISupportedInterfaceOrientations_iPad = "UIInterfaceOrientationPortrait UIInterfaceOrientationPortraitUpsideDown UIInterfaceOrientationLandscapeLeft UIInterfaceOrientationLandscapeRight";
				INFOPLIST_KEY_UISupportedInterfaceOrientations_iPhone = "UIInterfaceOrientationPortrait UIInterfaceOrientationLandscapeLeft UIInterfaceOrientationLandscapeRight";
				LD_RUNPATH_SEARCH_PATHS = (
					"$(inherited)",
					"@executable_path/Frameworks",
				);
				MARKETING_VERSION = 1.0;
				PRODUCT_BUNDLE_IDENTIFIER = "Abdul-Wahid.WeatherApp-2-";
				PRODUCT_NAME = "$(TARGET_NAME)";
				SWIFT_EMIT_LOC_STRINGS = YES;
				SWIFT_VERSION = 5.0;
				TARGETED_DEVICE_FAMILY = "1,2";
			};
			name = Debug;
		};
		EA7A46CE28A6BD960069A10D /* Release */ = {
			isa = XCBuildConfiguration;
			buildSettings = {
				ASSETCATALOG_COMPILER_APPICON_NAME = AppIcon;
				ASSETCATALOG_COMPILER_GLOBAL_ACCENT_COLOR_NAME = AccentColor;
				CODE_SIGN_STYLE = Automatic;
				CURRENT_PROJECT_VERSION = 1;
				DEVELOPMENT_ASSET_PATHS = "\"WeatherApp(2)/Preview Content\"";
				DEVELOPMENT_TEAM = Y6PAR6MMP9;
				ENABLE_PREVIEWS = YES;
				GENERATE_INFOPLIST_FILE = YES;
				INFOPLIST_FILE = "WeatherApp-2--Info.plist";
				INFOPLIST_KEY_UIApplicationSceneManifest_Generation = YES;
				INFOPLIST_KEY_UIApplicationSupportsIndirectInputEvents = YES;
				INFOPLIST_KEY_UILaunchScreen_Generation = YES;
				INFOPLIST_KEY_UISupportedInterfaceOrientations_iPad = "UIInterfaceOrientationPortrait UIInterfaceOrientationPortraitUpsideDown UIInterfaceOrientationLandscapeLeft UIInterfaceOrientationLandscapeRight";
				INFOPLIST_KEY_UISupportedInterfaceOrientations_iPhone = "UIInterfaceOrientationPortrait UIInterfaceOrientationLandscapeLeft UIInterfaceOrientationLandscapeRight";
				LD_RUNPATH_SEARCH_PATHS = (
					"$(inherited)",
					"@executable_path/Frameworks",
				);
				MARKETING_VERSION = 1.0;
				PRODUCT_BUNDLE_IDENTIFIER = "Abdul-Wahid.WeatherApp-2-";
				PRODUCT_NAME = "$(TARGET_NAME)";
				SWIFT_EMIT_LOC_STRINGS = YES;
				SWIFT_VERSION = 5.0;
				TARGETED_DEVICE_FAMILY = "1,2";
			};
			name = Release;
		};
/* End XCBuildConfiguration section */

/* Begin XCConfigurationList section */
		EA7A46B928A6BD910069A10D /* Build configuration list for PBXProject "WeatherApp(2)" */ = {
			isa = XCConfigurationList;
			buildConfigurations = (
				EA7A46CA28A6BD960069A10D /* Debug */,
				EA7A46CB28A6BD960069A10D /* Release */,
			);
			defaultConfigurationIsVisible = 0;
			defaultConfigurationName = Release;
		};
		EA7A46CC28A6BD960069A10D /* Build configuration list for PBXNativeTarget "WeatherApp(2)" */ = {
			isa = XCConfigurationList;
			buildConfigurations = (
				EA7A46CD28A6BD960069A10D /* Debug */,
				EA7A46CE28A6BD960069A10D /* Release */,
			);
			defaultConfigurationIsVisible = 0;
			defaultConfigurationName = Release;
		};
/* End XCConfigurationList section */
	};
	rootObject = EA7A46B628A6BD910069A10D /* Project object */;
}
